{
  "name": "myapi",
  "lockfileVersion": 3,
  "requires": true,
  "packages": {
    "": {
      "dependencies": {
        "bootstrap": "^5.2.3",
        "svelte-spa-router": "^3.3.0"
      }
    },
    "node_modules/@popperjs/core": {
      "version": "2.11.7",
      "resolved": "https://registry.npmjs.org/@popperjs/core/-/core-2.11.7.tgz",
      "integrity": "sha512-Cr4OjIkipTtcXKjAsm8agyleBuDHvxzeBoa1v543lbv1YaIwQjESsVcmjiWiPEbC1FIeHOG/Op9kdCmAmiS3Kw==",
      "peer": true,
      "funding": {
        "type": "opencollective",
        "url": "https://opencollective.com/popperjs"
      }
    },
    "node_modules/bootstrap": {
      "version": "5.2.3",
      "resolved": "https://registry.npmjs.org/bootstrap/-/bootstrap-5.2.3.tgz",
      "integrity": "sha512-cEKPM+fwb3cT8NzQZYEu4HilJ3anCrWqh3CHAok1p9jXqMPsPTBhU25fBckEJHJ/p+tTxTFTsFQGM+gaHpi3QQ==",
      "funding": [
        {
          "type": "github",
          "url": "https://github.com/sponsors/twbs"
        },
        {
          "type": "opencollective",
          "url": "https://opencollective.com/bootstrap"
        }
      ],
      "peerDependencies": {
        "@popperjs/core": "^2.11.6"
      }
    },
    "node_modules/regexparam": {
      "version": "2.0.1",
      "resolved": "https://registry.npmjs.org/regexparam/-/regexparam-2.0.1.tgz",
      "integrity": "sha512-zRgSaYemnNYxUv+/5SeoHI0eJIgTL/A2pUtXUPLHQxUldagouJ9p+K6IbIZ/JiQuCEv2E2B1O11SjVQy3aMCkw==",
      "engines": {
        "node": ">=8"
      }
    },
    "node_modules/svelte-spa-router": {
      "version": "3.3.0",
      "resolved": "https://registry.npmjs.org/svelte-spa-router/-/svelte-spa-router-3.3.0.tgz",
      "integrity": "sha512-cwRNe7cxD43sCvSfEeaKiNZg3FCizGxeMcf7CPiWRP3jKXjEma3vxyyuDtPOam6nWbVxl9TNM3hlE/i87ZlqcQ==",
      "dependencies": {
        "regexparam": "2.0.1"
      },
      "funding": {
        "url": "https://github.com/sponsors/ItalyPaleAle"
      }
    }
  }
}
